
Microsoft Visual Studio Solution File, Format Version 12.00
# Visual Studio 2012
Project("{FAE04EC0-301F-11D3-BF4B-00C04F79EFBC}") = "SpiritMVVM", "SpiritMVVM\SpiritMVVM.csproj", "{8F39A8C0-7472-49C9-90E4-87305200F6A7}"
EndProject
Project("{FAE04EC0-301F-11D3-BF4B-00C04F79EFBC}") = "SpiritMVVM.Test", "SpiritMVVM.Test\SpiritMVVM.Test.csproj", "{7936E4E5-7651-4880-8DF3-DE4607B9CBF7}"
EndProject
Global
	GlobalSection(SolutionConfigurationPlatforms) = preSolution
		Debug|Any CPU = Debug|Any CPU
		Release|Any CPU = Release|Any CPU
	EndGlobalSection
	GlobalSection(ProjectConfigurationPlatforms) = postSolution
		{8F39A8C0-7472-49C9-90E4-87305200F6A7}.Debug|Any CPU.ActiveCfg = Debug|Any CPU
		{8F39A8C0-7472-49C9-90E4-87305200F6A7}.Debug|Any CPU.Build.0 = Debug|Any CPU
		{8F39A8C0-7472-49C9-90E4-87305200F6A7}.Release|Any CPU.ActiveCfg = Release|Any CPU
		{8F39A8C0-7472-49C9-90E4-87305200F6A7}.Release|Any CPU.Build.0 = Release|Any CPU
		{7936E4E5-7651-4880-8DF3-DE4607B9CBF7}.Debug|Any CPU.ActiveCfg = Debug|Any CPU
		{7936E4E5-7651-4880-8DF3-DE4607B9CBF7}.Debug|Any CPU.Build.0 = Debug|Any CPU
		{7936E4E5-7651-4880-8DF3-DE4607B9CBF7}.Release|Any CPU.ActiveCfg = Release|Any CPU
		{7936E4E5-7651-4880-8DF3-DE4607B9CBF7}.Release|Any CPU.Build.0 = Release|Any CPU
	EndGlobalSection
	GlobalSection(SolutionProperties) = preSolution
		HideSolutionNode = FALSE
	EndGlobalSection
EndGlobal
